
Microsoft Visual Studio Solution File, Format Version 12.00
# Visual Studio 2012
Project("{FAE04EC0-301F-11D3-BF4B-00C04F79EFBC}") = "Framework.Core", "Framework.Core\Framework.Core.csproj", "{4E323386-67AA-4B00-8567-781DC057976D}"
EndProject
Project("{FAE04EC0-301F-11D3-BF4B-00C04F79EFBC}") = "Testlibararies", "Testlibararies\Testlibararies.csproj", "{1B099A44-54CF-4883-B405-C79523D512B3}"
EndProject
Global
	GlobalSection(SolutionConfigurationPlatforms) = preSolution
		Debug|Any CPU = Debug|Any CPU
		Release|Any CPU = Release|Any CPU
	EndGlobalSection
	GlobalSection(ProjectConfigurationPlatforms) = postSolution
		{4E323386-67AA-4B00-8567-781DC057976D}.Debug|Any CPU.ActiveCfg = Debug|Any CPU
		{4E323386-67AA-4B00-8567-781DC057976D}.Debug|Any CPU.Build.0 = Debug|Any CPU
		{4E323386-67AA-4B00-8567-781DC057976D}.Release|Any CPU.ActiveCfg = Release|Any CPU
		{4E323386-67AA-4B00-8567-781DC057976D}.Release|Any CPU.Build.0 = Release|Any CPU
		{1B099A44-54CF-4883-B405-C79523D512B3}.Debug|Any CPU.ActiveCfg = Debug|Any CPU
		{1B099A44-54CF-4883-B405-C79523D512B3}.Debug|Any CPU.Build.0 = Debug|Any CPU
		{1B099A44-54CF-4883-B405-C79523D512B3}.Release|Any CPU.ActiveCfg = Release|Any CPU
		{1B099A44-54CF-4883-B405-C79523D512B3}.Release|Any CPU.Build.0 = Release|Any CPU
	EndGlobalSection
	GlobalSection(SolutionProperties) = preSolution
		HideSolutionNode = FALSE
	EndGlobalSection
EndGlobal
